// !$*UTF8*$!
{
	archiveVersion = 1;
	classes = {
	};
	objectVersion = 46;
	objects = {

/* Begin PBXBuildFile section */
		F7B5C700192AF1D700C3286C /* Foundation.framework in Frameworks */ = {isa = PBXBuildFile; fileRef = F7B5C6FF192AF1D700C3286C /* Foundation.framework */; };
		F7B5C702192AF1D700C3286C /* CoreGraphics.framework in Frameworks */ = {isa = PBXBuildFile; fileRef = F7B5C701192AF1D700C3286C /* CoreGraphics.framework */; };
		F7B5C704192AF1D700C3286C /* UIKit.framework in Frameworks */ = {isa = PBXBuildFile; fileRef = F7B5C703192AF1D700C3286C /* UIKit.framework */; };
		F7B5C70A192AF1D700C3286C /* InfoPlist.strings in Resources */ = {isa = PBXBuildFile; fileRef = F7B5C708192AF1D700C3286C /* InfoPlist.strings */; };
		F7B5C70C192AF1D700C3286C /* main.m in Sources */ = {isa = PBXBuildFile; fileRef = F7B5C70B192AF1D700C3286C /* main.m */; };
		F7B5C710192AF1D700C3286C /* CCAppDelegate.m in Sources */ = {isa = PBXBuildFile; fileRef = F7B5C70F192AF1D700C3286C /* CCAppDelegate.m */; };
		F7B5C712192AF1D700C3286C /* Images.xcassets in Resources */ = {isa = PBXBuildFile; fileRef = F7B5C711192AF1D700C3286C /* Images.xcassets */; };
		F7B5C719192AF1D700C3286C /* XCTest.framework in Frameworks */ = {isa = PBXBuildFile; fileRef = F7B5C718192AF1D700C3286C /* XCTest.framework */; };
		F7B5C71A192AF1D700C3286C /* Foundation.framework in Frameworks */ = {isa = PBXBuildFile; fileRef = F7B5C6FF192AF1D700C3286C /* Foundation.framework */; };
		F7B5C71B192AF1D700C3286C /* UIKit.framework in Frameworks */ = {isa = PBXBuildFile; fileRef = F7B5C703192AF1D700C3286C /* UIKit.framework */; };
		F7B5C723192AF1D700C3286C /* InfoPlist.strings in Resources */ = {isa = PBXBuildFile; fileRef = F7B5C721192AF1D700C3286C /* InfoPlist.strings */; };
		F7B5C725192AF1D700C3286C /* CouplesCouponsTests.m in Sources */ = {isa = PBXBuildFile; fileRef = F7B5C724192AF1D700C3286C /* CouplesCouponsTests.m */; };
		F7B5C730192AF34100C3286C /* Login.storyboard in Resources */ = {isa = PBXBuildFile; fileRef = F7B5C72F192AF34100C3286C /* Login.storyboard */; };
		F7B5C77F192AFD4000C3286C /* CCLoginViewController.m in Sources */ = {isa = PBXBuildFile; fileRef = F7B5C77E192AFD4000C3286C /* CCLoginViewController.m */; };
		F7B5C802192C4DD000C3286C /* Parse.framework in Frameworks */ = {isa = PBXBuildFile; fileRef = F7B5C801192C4DD000C3286C /* Parse.framework */; };
		F7B5C804192C4DF200C3286C /* AudioToolbox.framework in Frameworks */ = {isa = PBXBuildFile; fileRef = F7B5C803192C4DF200C3286C /* AudioToolbox.framework */; };
		F7B5C80A192C4E0400C3286C /* CFNetwork.framework in Frameworks */ = {isa = PBXBuildFile; fileRef = F7B5C805192C4E0400C3286C /* CFNetwork.framework */; };
		F7B5C810192C4E2100C3286C /* CoreLocation.framework in Frameworks */ = {isa = PBXBuildFile; fileRef = F7B5C80F192C4E2100C3286C /* CoreLocation.framework */; };
		F7B5C812192C4E4400C3286C /* libz.dylib in Frameworks */ = {isa = PBXBuildFile; fileRef = F7B5C811192C4E4400C3286C /* libz.dylib */; };
		F7B5C814192C4E5500C3286C /* MobileCoreServices.framework in Frameworks */ = {isa = PBXBuildFile; fileRef = F7B5C813192C4E5500C3286C /* MobileCoreServices.framework */; };
		F7B5C816192C4E7000C3286C /* QuartzCore.framework in Frameworks */ = {isa = PBXBuildFile; fileRef = F7B5C815192C4E7000C3286C /* QuartzCore.framework */; };
		F7B5C818192C4E7700C3286C /* Security.framework in Frameworks */ = {isa = PBXBuildFile; fileRef = F7B5C817192C4E7700C3286C /* Security.framework */; };
		F7B5C81A192C4E7E00C3286C /* StoreKit.framework in Frameworks */ = {isa = PBXBuildFile; fileRef = F7B5C819192C4E7E00C3286C /* StoreKit.framework */; };
		F7B5C81C192C4E8600C3286C /* SystemConfiguration.framework in Frameworks */ = {isa = PBXBuildFile; fileRef = F7B5C81B192C4E8600C3286C /* SystemConfiguration.framework */; };
		F7B5C81F192C560800C3286C /* coupons.storyboard in Resources */ = {isa = PBXBuildFile; fileRef = F7B5C81E192C560800C3286C /* coupons.storyboard */; };
		F7B5C822192C582D00C3286C /* CCViewController.m in Sources */ = {isa = PBXBuildFile; fileRef = F7B5C821192C582D00C3286C /* CCViewController.m */; };
		F7B5C829192C598F00C3286C /* CCCoupon.m in Sources */ = {isa = PBXBuildFile; fileRef = F7B5C828192C598F00C3286C /* CCCoupon.m */; };
		F7B5C82C192EEA9000C3286C /* CCCouponTableViewCell.m in Sources */ = {isa = PBXBuildFile; fileRef = F7B5C82B192EEA9000C3286C /* CCCouponTableViewCell.m */; };
		F7B5C832192EF74000C3286C /* CCParseCouponTableViewController.m in Sources */ = {isa = PBXBuildFile; fileRef = F7B5C831192EF74000C3286C /* CCParseCouponTableViewController.m */; };
		F7B5C837192EFAC600C3286C /* test.storyboard in Resources */ = {isa = PBXBuildFile; fileRef = F7B5C836192EFAC600C3286C /* test.storyboard */; };
		F7B5C83A192EFAF900C3286C /* CCTestViewController.m in Sources */ = {isa = PBXBuildFile; fileRef = F7B5C839192EFAF900C3286C /* CCTestViewController.m */; };
/* End PBXBuildFile section */

/* Begin PBXContainerItemProxy section */
		F7B5C71C192AF1D700C3286C /* PBXContainerItemProxy */ = {
			isa = PBXContainerItemProxy;
			containerPortal = F7B5C6F4192AF1D700C3286C /* Project object */;
			proxyType = 1;
			remoteGlobalIDString = F7B5C6FB192AF1D700C3286C;
			remoteInfo = CouplesCoupons;
		};
/* End PBXContainerItemProxy section */

/* Begin PBXFileReference section */
		F7B5C6FC192AF1D700C3286C /* CouplesCoupons.app */ = {isa = PBXFileReference; explicitFileType = wrapper.application; includeInIndex = 0; path = CouplesCoupons.app; sourceTree = BUILT_PRODUCTS_DIR; };
		F7B5C6FF192AF1D700C3286C /* Foundation.framework */ = {isa = PBXFileReference; lastKnownFileType = wrapper.framework; name = Foundation.framework; path = System/Library/Frameworks/Foundation.framework; sourceTree = SDKROOT; };
		F7B5C701192AF1D700C3286C /* CoreGraphics.framework */ = {isa = PBXFileReference; lastKnownFileType = wrapper.framework; name = CoreGraphics.framework; path = System/Library/Frameworks/CoreGraphics.framework; sourceTree = SDKROOT; };
		F7B5C703192AF1D700C3286C /* UIKit.framework */ = {isa = PBXFileReference; lastKnownFileType = wrapper.framework; name = UIKit.framework; path = System/Library/Frameworks/UIKit.framework; sourceTree = SDKROOT; };
		F7B5C707192AF1D700C3286C /* CouplesCoupons-Info.plist */ = {isa = PBXFileReference; lastKnownFileType = text.plist.xml; path = "CouplesCoupons-Info.plist"; sourceTree = "<group>"; };
		F7B5C709192AF1D700C3286C /* en */ = {isa = PBXFileReference; lastKnownFileType = text.plist.strings; name = en; path = en.lproj/InfoPlist.strings; sourceTree = "<group>"; };
		F7B5C70B192AF1D700C3286C /* main.m */ = {isa = PBXFileReference; lastKnownFileType = sourcecode.c.objc; path = main.m; sourceTree = "<group>"; };
		F7B5C70D192AF1D700C3286C /* CouplesCoupons-Prefix.pch */ = {isa = PBXFileReference; lastKnownFileType = sourcecode.c.h; path = "CouplesCoupons-Prefix.pch"; sourceTree = "<group>"; };
		F7B5C70E192AF1D700C3286C /* CCAppDelegate.h */ = {isa = PBXFileReference; lastKnownFileType = sourcecode.c.h; path = CCAppDelegate.h; sourceTree = "<group>"; };
		F7B5C70F192AF1D700C3286C /* CCAppDelegate.m */ = {isa = PBXFileReference; lastKnownFileType = sourcecode.c.objc; path = CCAppDelegate.m; sourceTree = "<group>"; };
		F7B5C711192AF1D700C3286C /* Images.xcassets */ = {isa = PBXFileReference; lastKnownFileType = folder.assetcatalog; path = Images.xcassets; sourceTree = "<group>"; };
		F7B5C717192AF1D700C3286C /* CouplesCouponsTests.xctest */ = {isa = PBXFileReference; explicitFileType = wrapper.cfbundle; includeInIndex = 0; path = CouplesCouponsTests.xctest; sourceTree = BUILT_PRODUCTS_DIR; };
		F7B5C718192AF1D700C3286C /* XCTest.framework */ = {isa = PBXFileReference; lastKnownFileType = wrapper.framework; name = XCTest.framework; path = Library/Frameworks/XCTest.framework; sourceTree = DEVELOPER_DIR; };
		F7B5C720192AF1D700C3286C /* CouplesCouponsTests-Info.plist */ = {isa = PBXFileReference; lastKnownFileType = text.plist.xml; path = "CouplesCouponsTests-Info.plist"; sourceTree = "<group>"; };
		F7B5C722192AF1D700C3286C /* en */ = {isa = PBXFileReference; lastKnownFileType = text.plist.strings; name = en; path = en.lproj/InfoPlist.strings; sourceTree = "<group>"; };
		F7B5C724192AF1D700C3286C /* CouplesCouponsTests.m */ = {isa = PBXFileReference; lastKnownFileType = sourcecode.c.objc; path = CouplesCouponsTests.m; sourceTree = "<group>"; };
		F7B5C72F192AF34100C3286C /* Login.storyboard */ = {isa = PBXFileReference; fileEncoding = 4; lastKnownFileType = file.storyboard; path = Login.storyboard; sourceTree = "<group>"; };
		F7B5C77D192AFD4000C3286C /* CCLoginViewController.h */ = {isa = PBXFileReference; fileEncoding = 4; lastKnownFileType = sourcecode.c.h; path = CCLoginViewController.h; sourceTree = "<group>"; };
		F7B5C77E192AFD4000C3286C /* CCLoginViewController.m */ = {isa = PBXFileReference; fileEncoding = 4; lastKnownFileType = sourcecode.c.objc; path = CCLoginViewController.m; sourceTree = "<group>"; };
		F7B5C801192C4DD000C3286C /* Parse.framework */ = {isa = PBXFileReference; lastKnownFileType = wrapper.framework; path = Parse.framework; sourceTree = "<group>"; };
		F7B5C803192C4DF200C3286C /* AudioToolbox.framework */ = {isa = PBXFileReference; lastKnownFileType = wrapper.framework; name = AudioToolbox.framework; path = System/Library/Frameworks/AudioToolbox.framework; sourceTree = SDKROOT; };
		F7B5C805192C4E0400C3286C /* CFNetwork.framework */ = {isa = PBXFileReference; lastKnownFileType = wrapper.framework; name = CFNetwork.framework; path = System/Library/Frameworks/CFNetwork.framework; sourceTree = SDKROOT; };
		F7B5C806192C4E0400C3286C /* CoreAudio.framework */ = {isa = PBXFileReference; lastKnownFileType = wrapper.framework; name = CoreAudio.framework; path = System/Library/Frameworks/CoreAudio.framework; sourceTree = SDKROOT; };
		F7B5C807192C4E0400C3286C /* CoreBluetooth.framework */ = {isa = PBXFileReference; lastKnownFileType = wrapper.framework; name = CoreBluetooth.framework; path = System/Library/Frameworks/CoreBluetooth.framework; sourceTree = SDKROOT; };
		F7B5C808192C4E0400C3286C /* CoreData.framework */ = {isa = PBXFileReference; lastKnownFileType = wrapper.framework; name = CoreData.framework; path = System/Library/Frameworks/CoreData.framework; sourceTree = SDKROOT; };
		F7B5C809192C4E0400C3286C /* CoreFoundation.framework */ = {isa = PBXFileReference; lastKnownFileType = wrapper.framework; name = CoreFoundation.framework; path = System/Library/Frameworks/CoreFoundation.framework; sourceTree = SDKROOT; };
		F7B5C80F192C4E2100C3286C /* CoreLocation.framework */ = {isa = PBXFileReference; lastKnownFileType = wrapper.framework; name = CoreLocation.framework; path = System/Library/Frameworks/CoreLocation.framework; sourceTree = SDKROOT; };
		F7B5C811192C4E4400C3286C /* libz.dylib */ = {isa = PBXFileReference; lastKnownFileType = "compiled.mach-o.dylib"; name = libz.dylib; path = usr/lib/libz.dylib; sourceTree = SDKROOT; };
		F7B5C813192C4E5500C3286C /* MobileCoreServices.framework */ = {isa = PBXFileReference; lastKnownFileType = wrapper.framework; name = MobileCoreServices.framework; path = System/Library/Frameworks/MobileCoreServices.framework; sourceTree = SDKROOT; };
		F7B5C815192C4E7000C3286C /* QuartzCore.framework */ = {isa = PBXFileReference; lastKnownFileType = wrapper.framework; name = QuartzCore.framework; path = System/Library/Frameworks/QuartzCore.framework; sourceTree = SDKROOT; };
		F7B5C817192C4E7700C3286C /* Security.framework */ = {isa = PBXFileReference; lastKnownFileType = wrapper.framework; name = Security.framework; path = System/Library/Frameworks/Security.framework; sourceTree = SDKROOT; };
		F7B5C819192C4E7E00C3286C /* StoreKit.framework */ = {isa = PBXFileReference; lastKnownFileType = wrapper.framework; name = StoreKit.framework; path = System/Library/Frameworks/StoreKit.framework; sourceTree = SDKROOT; };
		F7B5C81B192C4E8600C3286C /* SystemConfiguration.framework */ = {isa = PBXFileReference; lastKnownFileType = wrapper.framework; name = SystemConfiguration.framework; path = System/Library/Frameworks/SystemConfiguration.framework; sourceTree = SDKROOT; };
		F7B5C81E192C560800C3286C /* coupons.storyboard */ = {isa = PBXFileReference; fileEncoding = 4; lastKnownFileType = file.storyboard; path = coupons.storyboard; sourceTree = "<group>"; };
		F7B5C820192C582D00C3286C /* CCViewController.h */ = {isa = PBXFileReference; fileEncoding = 4; lastKnownFileType = sourcecode.c.h; path = CCViewController.h; sourceTree = "<group>"; };
		F7B5C821192C582D00C3286C /* CCViewController.m */ = {isa = PBXFileReference; fileEncoding = 4; lastKnownFileType = sourcecode.c.objc; path = CCViewController.m; sourceTree = "<group>"; };
		F7B5C827192C598F00C3286C /* CCCoupon.h */ = {isa = PBXFileReference; fileEncoding = 4; lastKnownFileType = sourcecode.c.h; path = CCCoupon.h; sourceTree = "<group>"; };
		F7B5C828192C598F00C3286C /* CCCoupon.m */ = {isa = PBXFileReference; fileEncoding = 4; lastKnownFileType = sourcecode.c.objc; path = CCCoupon.m; sourceTree = "<group>"; };
		F7B5C82A192EEA9000C3286C /* CCCouponTableViewCell.h */ = {isa = PBXFileReference; fileEncoding = 4; lastKnownFileType = sourcecode.c.h; path = CCCouponTableViewCell.h; sourceTree = "<group>"; };
		F7B5C82B192EEA9000C3286C /* CCCouponTableViewCell.m */ = {isa = PBXFileReference; fileEncoding = 4; lastKnownFileType = sourcecode.c.objc; path = CCCouponTableViewCell.m; sourceTree = "<group>"; };
		F7B5C830192EF74000C3286C /* CCParseCouponTableViewController.h */ = {isa = PBXFileReference; fileEncoding = 4; lastKnownFileType = sourcecode.c.h; path = CCParseCouponTableViewController.h; sourceTree = "<group>"; };
		F7B5C831192EF74000C3286C /* CCParseCouponTableViewController.m */ = {isa = PBXFileReference; fileEncoding = 4; lastKnownFileType = sourcecode.c.objc; path = CCParseCouponTableViewController.m; sourceTree = "<group>"; };
		F7B5C836192EFAC600C3286C /* test.storyboard */ = {isa = PBXFileReference; fileEncoding = 4; lastKnownFileType = file.storyboard; path = test.storyboard; sourceTree = "<group>"; };
		F7B5C838192EFAF900C3286C /* CCTestViewController.h */ = {isa = PBXFileReference; fileEncoding = 4; lastKnownFileType = sourcecode.c.h; path = CCTestViewController.h; sourceTree = "<group>"; };
		F7B5C839192EFAF900C3286C /* CCTestViewController.m */ = {isa = PBXFileReference; fileEncoding = 4; lastKnownFileType = sourcecode.c.objc; path = CCTestViewController.m; sourceTree = "<group>"; };
/* End PBXFileReference section */

/* Begin PBXFrameworksBuildPhase section */
		F7B5C6F9192AF1D700C3286C /* Frameworks */ = {
			isa = PBXFrameworksBuildPhase;
			buildActionMask = 2147483647;
			files = (
				F7B5C81C192C4E8600C3286C /* SystemConfiguration.framework in Frameworks */,
				F7B5C81A192C4E7E00C3286C /* StoreKit.framework in Frameworks */,
				F7B5C818192C4E7700C3286C /* Security.framework in Frameworks */,
				F7B5C816192C4E7000C3286C /* QuartzCore.framework in Frameworks */,
				F7B5C814192C4E5500C3286C /* MobileCoreServices.framework in Frameworks */,
				F7B5C812192C4E4400C3286C /* libz.dylib in Frameworks */,
				F7B5C810192C4E2100C3286C /* CoreLocation.framework in Frameworks */,
				F7B5C80A192C4E0400C3286C /* CFNetwork.framework in Frameworks */,
				F7B5C702192AF1D700C3286C /* CoreGraphics.framework in Frameworks */,
				F7B5C804192C4DF200C3286C /* AudioToolbox.framework in Frameworks */,
				F7B5C704192AF1D700C3286C /* UIKit.framework in Frameworks */,
				F7B5C802192C4DD000C3286C /* Parse.framework in Frameworks */,
				F7B5C700192AF1D700C3286C /* Foundation.framework in Frameworks */,
			);
			runOnlyForDeploymentPostprocessing = 0;
		};
		F7B5C714192AF1D700C3286C /* Frameworks */ = {
			isa = PBXFrameworksBuildPhase;
			buildActionMask = 2147483647;
			files = (
				F7B5C719192AF1D700C3286C /* XCTest.framework in Frameworks */,
				F7B5C71B192AF1D700C3286C /* UIKit.framework in Frameworks */,
				F7B5C71A192AF1D700C3286C /* Foundation.framework in Frameworks */,
			);
			runOnlyForDeploymentPostprocessing = 0;
		};
/* End PBXFrameworksBuildPhase section */

/* Begin PBXGroup section */
		F7B5C6F3192AF1D700C3286C = {
			isa = PBXGroup;
			children = (
				F7B5C801192C4DD000C3286C /* Parse.framework */,
				F7B5C705192AF1D700C3286C /* CouplesCoupons */,
				F7B5C71E192AF1D700C3286C /* CouplesCouponsTests */,
				F7B5C6FE192AF1D700C3286C /* Frameworks */,
				F7B5C6FD192AF1D700C3286C /* Products */,
			);
			sourceTree = "<group>";
		};
		F7B5C6FD192AF1D700C3286C /* Products */ = {
			isa = PBXGroup;
			children = (
				F7B5C6FC192AF1D700C3286C /* CouplesCoupons.app */,
				F7B5C717192AF1D700C3286C /* CouplesCouponsTests.xctest */,
			);
			name = Products;
			sourceTree = "<group>";
		};
		F7B5C6FE192AF1D700C3286C /* Frameworks */ = {
			isa = PBXGroup;
			children = (
				F7B5C81B192C4E8600C3286C /* SystemConfiguration.framework */,
				F7B5C819192C4E7E00C3286C /* StoreKit.framework */,
				F7B5C817192C4E7700C3286C /* Security.framework */,
				F7B5C815192C4E7000C3286C /* QuartzCore.framework */,
				F7B5C813192C4E5500C3286C /* MobileCoreServices.framework */,
				F7B5C811192C4E4400C3286C /* libz.dylib */,
				F7B5C80F192C4E2100C3286C /* CoreLocation.framework */,
				F7B5C805192C4E0400C3286C /* CFNetwork.framework */,
				F7B5C806192C4E0400C3286C /* CoreAudio.framework */,
				F7B5C807192C4E0400C3286C /* CoreBluetooth.framework */,
				F7B5C808192C4E0400C3286C /* CoreData.framework */,
				F7B5C809192C4E0400C3286C /* CoreFoundation.framework */,
				F7B5C803192C4DF200C3286C /* AudioToolbox.framework */,
				F7B5C6FF192AF1D700C3286C /* Foundation.framework */,
				F7B5C701192AF1D700C3286C /* CoreGraphics.framework */,
				F7B5C703192AF1D700C3286C /* UIKit.framework */,
				F7B5C718192AF1D700C3286C /* XCTest.framework */,
			);
			name = Frameworks;
			sourceTree = "<group>";
		};
		F7B5C705192AF1D700C3286C /* CouplesCoupons */ = {
			isa = PBXGroup;
			children = (
				F7B5C835192EFABA00C3286C /* test */,
				F7B5C823192C592000C3286C /* model */,
				F7B5C81D192C559D00C3286C /* coupons */,
				F7B5C72E192AF32800C3286C /* login */,
				F7B5C70E192AF1D700C3286C /* CCAppDelegate.h */,
				F7B5C70F192AF1D700C3286C /* CCAppDelegate.m */,
				F7B5C711192AF1D700C3286C /* Images.xcassets */,
				F7B5C706192AF1D700C3286C /* Supporting Files */,
			);
			path = CouplesCoupons;
			sourceTree = "<group>";
		};
		F7B5C706192AF1D700C3286C /* Supporting Files */ = {
			isa = PBXGroup;
			children = (
				F7B5C707192AF1D700C3286C /* CouplesCoupons-Info.plist */,
				F7B5C708192AF1D700C3286C /* InfoPlist.strings */,
				F7B5C70B192AF1D700C3286C /* main.m */,
				F7B5C70D192AF1D700C3286C /* CouplesCoupons-Prefix.pch */,
			);
			name = "Supporting Files";
			sourceTree = "<group>";
		};
		F7B5C71E192AF1D700C3286C /* CouplesCouponsTests */ = {
			isa = PBXGroup;
			children = (
				F7B5C724192AF1D700C3286C /* CouplesCouponsTests.m */,
				F7B5C71F192AF1D700C3286C /* Supporting Files */,
			);
			path = CouplesCouponsTests;
			sourceTree = "<group>";
		};
		F7B5C71F192AF1D700C3286C /* Supporting Files */ = {
			isa = PBXGroup;
			children = (
				F7B5C720192AF1D700C3286C /* CouplesCouponsTests-Info.plist */,
				F7B5C721192AF1D700C3286C /* InfoPlist.strings */,
			);
			name = "Supporting Files";
			sourceTree = "<group>";
		};
		F7B5C72E192AF32800C3286C /* login */ = {
			isa = PBXGroup;
			children = (
				F7B5C72F192AF34100C3286C /* Login.storyboard */,
				F7B5C77D192AFD4000C3286C /* CCLoginViewController.h */,
				F7B5C77E192AFD4000C3286C /* CCLoginViewController.m */,
			);
			name = login;
			sourceTree = "<group>";
		};
		F7B5C81D192C559D00C3286C /* coupons */ = {
			isa = PBXGroup;
			children = (
				F7B5C82F192EF6E200C3286C /* parse_controllers */,
				F7B5C81E192C560800C3286C /* coupons.storyboard */,
				F7B5C820192C582D00C3286C /* CCViewController.h */,
				F7B5C821192C582D00C3286C /* CCViewController.m */,
				F7B5C82A192EEA9000C3286C /* CCCouponTableViewCell.h */,
				F7B5C82B192EEA9000C3286C /* CCCouponTableViewCell.m */,
			);
			name = coupons;
			sourceTree = "<group>";
		};
		F7B5C823192C592000C3286C /* model */ = {
			isa = PBXGroup;
			children = (
				F7B5C827192C598F00C3286C /* CCCoupon.h */,
				F7B5C828192C598F00C3286C /* CCCoupon.m */,
			);
			name = model;
			sourceTree = "<group>";
		};
		F7B5C82F192EF6E200C3286C /* parse_controllers */ = {
			isa = PBXGroup;
			children = (
				F7B5C830192EF74000C3286C /* CCParseCouponTableViewController.h */,
				F7B5C831192EF74000C3286C /* CCParseCouponTableViewController.m */,
			);
			name = parse_controllers;
			sourceTree = "<group>";
		};
		F7B5C835192EFABA00C3286C /* test */ = {
			isa = PBXGroup;
			children = (
				F7B5C836192EFAC600C3286C /* test.storyboard */,
				F7B5C838192EFAF900C3286C /* CCTestViewController.h */,
				F7B5C839192EFAF900C3286C /* CCTestViewController.m */,
			);
			name = test;
			sourceTree = "<group>";
		};
/* End PBXGroup section */

/* Begin PBXNativeTarget section */
		F7B5C6FB192AF1D700C3286C /* CouplesCoupons */ = {
			isa = PBXNativeTarget;
			buildConfigurationList = F7B5C728192AF1D700C3286C /* Build configuration list for PBXNativeTarget "CouplesCoupons" */;
			buildPhases = (
				F7B5C6F8192AF1D700C3286C /* Sources */,
				F7B5C6F9192AF1D700C3286C /* Frameworks */,
				F7B5C6FA192AF1D700C3286C /* Resources */,
			);
			buildRules = (
			);
			dependencies = (
			);
			name = CouplesCoupons;
			productName = CouplesCoupons;
			productReference = F7B5C6FC192AF1D700C3286C /* CouplesCoupons.app */;
			productType = "com.apple.product-type.application";
		};
		F7B5C716192AF1D700C3286C /* CouplesCouponsTests */ = {
			isa = PBXNativeTarget;
			buildConfigurationList = F7B5C72B192AF1D700C3286C /* Build configuration list for PBXNativeTarget "CouplesCouponsTests" */;
			buildPhases = (
				F7B5C713192AF1D700C3286C /* Sources */,
				F7B5C714192AF1D700C3286C /* Frameworks */,
				F7B5C715192AF1D700C3286C /* Resources */,
			);
			buildRules = (
			);
			dependencies = (
				F7B5C71D192AF1D700C3286C /* PBXTargetDependency */,
			);
			name = CouplesCouponsTests;
			productName = CouplesCouponsTests;
			productReference = F7B5C717192AF1D700C3286C /* CouplesCouponsTests.xctest */;
			productType = "com.apple.product-type.bundle.unit-test";
		};
/* End PBXNativeTarget section */

/* Begin PBXProject section */
		F7B5C6F4192AF1D700C3286C /* Project object */ = {
			isa = PBXProject;
			attributes = {
				CLASSPREFIX = CC;
				LastUpgradeCheck = 0500;
				ORGANIZATIONNAME = Aaron.RIetschlin;
				TargetAttributes = {
					F7B5C716192AF1D700C3286C = {
						TestTargetID = F7B5C6FB192AF1D700C3286C;
					};
				};
			};
			buildConfigurationList = F7B5C6F7192AF1D700C3286C /* Build configuration list for PBXProject "CouplesCoupons" */;
			compatibilityVersion = "Xcode 3.2";
			developmentRegion = English;
			hasScannedForEncodings = 0;
			knownRegions = (
				en,
			);
			mainGroup = F7B5C6F3192AF1D700C3286C;
			productRefGroup = F7B5C6FD192AF1D700C3286C /* Products */;
			projectDirPath = "";
			projectRoot = "";
			targets = (
				F7B5C6FB192AF1D700C3286C /* CouplesCoupons */,
				F7B5C716192AF1D700C3286C /* CouplesCouponsTests */,
			);
		};
/* End PBXProject section */

/* Begin PBXResourcesBuildPhase section */
		F7B5C6FA192AF1D700C3286C /* Resources */ = {
			isa = PBXResourcesBuildPhase;
			buildActionMask = 2147483647;
			files = (
				F7B5C70A192AF1D700C3286C /* InfoPlist.strings in Resources */,
				F7B5C81F192C560800C3286C /* coupons.storyboard in Resources */,
				F7B5C712192AF1D700C3286C /* Images.xcassets in Resources */,
				F7B5C837192EFAC600C3286C /* test.storyboard in Resources */,
				F7B5C730192AF34100C3286C /* Login.storyboard in Resources */,
			);
			runOnlyForDeploymentPostprocessing = 0;
		};
		F7B5C715192AF1D700C3286C /* Resources */ = {
			isa = PBXResourcesBuildPhase;
			buildActionMask = 2147483647;
			files = (
				F7B5C723192AF1D700C3286C /* InfoPlist.strings in Resources */,
			);
			runOnlyForDeploymentPostprocessing = 0;
		};
/* End PBXResourcesBuildPhase section */

/* Begin PBXSourcesBuildPhase section */
		F7B5C6F8192AF1D700C3286C /* Sources */ = {
			isa = PBXSourcesBuildPhase;
			buildActionMask = 2147483647;
			files = (
				F7B5C710192AF1D700C3286C /* CCAppDelegate.m in Sources */,
				F7B5C829192C598F00C3286C /* CCCoupon.m in Sources */,
				F7B5C832192EF74000C3286C /* CCParseCouponTableViewController.m in Sources */,
				F7B5C70C192AF1D700C3286C /* main.m in Sources */,
				F7B5C82C192EEA9000C3286C /* CCCouponTableViewCell.m in Sources */,
				F7B5C822192C582D00C3286C /* CCViewController.m in Sources */,
				F7B5C83A192EFAF900C3286C /* CCTestViewController.m in Sources */,
				F7B5C77F192AFD4000C3286C /* CCLoginViewController.m in Sources */,
			);
			runOnlyForDeploymentPostprocessing = 0;
		};
		F7B5C713192AF1D700C3286C /* Sources */ = {
			isa = PBXSourcesBuildPhase;
			buildActionMask = 2147483647;
			files = (
				F7B5C725192AF1D700C3286C /* CouplesCouponsTests.m in Sources */,
			);
			runOnlyForDeploymentPostprocessing = 0;
		};
/* End PBXSourcesBuildPhase section */

/* Begin PBXTargetDependency section */
		F7B5C71D192AF1D700C3286C /* PBXTargetDependency */ = {
			isa = PBXTargetDependency;
			target = F7B5C6FB192AF1D700C3286C /* CouplesCoupons */;
			targetProxy = F7B5C71C192AF1D700C3286C /* PBXContainerItemProxy */;
		};
/* End PBXTargetDependency section */

/* Begin PBXVariantGroup section */
		F7B5C708192AF1D700C3286C /* InfoPlist.strings */ = {
			isa = PBXVariantGroup;
			children = (
				F7B5C709192AF1D700C3286C /* en */,
			);
			name = InfoPlist.strings;
			sourceTree = "<group>";
		};
		F7B5C721192AF1D700C3286C /* InfoPlist.strings */ = {
			isa = PBXVariantGroup;
			children = (
				F7B5C722192AF1D700C3286C /* en */,
			);
			name = InfoPlist.strings;
			sourceTree = "<group>";
		};
/* End PBXVariantGroup section */

/* Begin XCBuildConfiguration section */
		F7B5C726192AF1D700C3286C /* Debug */ = {
			isa = XCBuildConfiguration;
			buildSettings = {
				ALWAYS_SEARCH_USER_PATHS = NO;
				ARCHS = "$(ARCHS_STANDARD_INCLUDING_64_BIT)";
				CLANG_CXX_LANGUAGE_STANDARD = "gnu++0x";
				CLANG_CXX_LIBRARY = "libc++";
				CLANG_ENABLE_MODULES = YES;
				CLANG_ENABLE_OBJC_ARC = YES;
				CLANG_WARN_BOOL_CONVERSION = YES;
				CLANG_WARN_CONSTANT_CONVERSION = YES;
				CLANG_WARN_DIRECT_OBJC_ISA_USAGE = YES_ERROR;
				CLANG_WARN_EMPTY_BODY = YES;
				CLANG_WARN_ENUM_CONVERSION = YES;
				CLANG_WARN_INT_CONVERSION = YES;
				CLANG_WARN_OBJC_ROOT_CLASS = YES_ERROR;
				CLANG_WARN__DUPLICATE_METHOD_MATCH = YES;
				"CODE_SIGN_IDENTITY[sdk=iphoneos*]" = "iPhone Developer";
				COPY_PHASE_STRIP = NO;
				GCC_C_LANGUAGE_STANDARD = gnu99;
				GCC_DYNAMIC_NO_PIC = NO;
				GCC_OPTIMIZATION_LEVEL = 0;
				GCC_PREPROCESSOR_DEFINITIONS = (
					"DEBUG=1",
					"$(inherited)",
				);
				GCC_SYMBOLS_PRIVATE_EXTERN = NO;
				GCC_WARN_64_TO_32_BIT_CONVERSION = YES;
				GCC_WARN_ABOUT_RETURN_TYPE = YES_ERROR;
				GCC_WARN_UNDECLARED_SELECTOR = YES;
				GCC_WARN_UNINITIALIZED_AUTOS = YES;
				GCC_WARN_UNUSED_FUNCTION = YES;
				GCC_WARN_UNUSED_VARIABLE = YES;
				IPHONEOS_DEPLOYMENT_TARGET = 7.0;
				ONLY_ACTIVE_ARCH = YES;
				SDKROOT = iphoneos;
			};
			name = Debug;
		};
		F7B5C727192AF1D700C3286C /* Release */ = {
			isa = XCBuildConfiguration;
			buildSettings = {
				ALWAYS_SEARCH_USER_PATHS = NO;
				ARCHS = "$(ARCHS_STANDARD_INCLUDING_64_BIT)";
				CLANG_CXX_LANGUAGE_STANDARD = "gnu++0x";
				CLANG_CXX_LIBRARY = "libc++";
				CLANG_ENABLE_MODULES = YES;
				CLANG_ENABLE_OBJC_ARC = YES;
				CLANG_WARN_BOOL_CONVERSION = YES;
				CLANG_WARN_CONSTANT_CONVERSION = YES;
				CLANG_WARN_DIRECT_OBJC_ISA_USAGE = YES_ERROR;
				CLANG_WARN_EMPTY_BODY = YES;
				CLANG_WARN_ENUM_CONVERSION = YES;
				CLANG_WARN_INT_CONVERSION = YES;
				CLANG_WARN_OBJC_ROOT_CLASS = YES_ERROR;
				CLANG_WARN__DUPLICATE_METHOD_MATCH = YES;
				"CODE_SIGN_IDENTITY[sdk=iphoneos*]" = "iPhone Developer";
				COPY_PHASE_STRIP = YES;
				ENABLE_NS_ASSERTIONS = NO;
				GCC_C_LANGUAGE_STANDARD = gnu99;
				GCC_WARN_64_TO_32_BIT_CONVERSION = YES;
				GCC_WARN_ABOUT_RETURN_TYPE = YES_ERROR;
				GCC_WARN_UNDECLARED_SELECTOR = YES;
				GCC_WARN_UNINITIALIZED_AUTOS = YES;
				GCC_WARN_UNUSED_FUNCTION = YES;
				GCC_WARN_UNUSED_VARIABLE = YES;
				IPHONEOS_DEPLOYMENT_TARGET = 7.0;
				SDKROOT = iphoneos;
				VALIDATE_PRODUCT = YES;
			};
			name = Release;
		};
		F7B5C729192AF1D700C3286C /* Debug */ = {
			isa = XCBuildConfiguration;
			buildSettings = {
				ASSETCATALOG_COMPILER_APPICON_NAME = AppIcon;
				ASSETCATALOG_COMPILER_LAUNCHIMAGE_NAME = LaunchImage;
				FRAMEWORK_SEARCH_PATHS = (
					"$(inherited)",
					/Users/eProximiti10/Documents/aarons_stuff/CouplesCoupons,
				);
				GCC_PRECOMPILE_PREFIX_HEADER = YES;
				GCC_PREFIX_HEADER = "CouplesCoupons/CouplesCoupons-Prefix.pch";
				INFOPLIST_FILE = "CouplesCoupons/CouplesCoupons-Info.plist";
				LIBRARY_SEARCH_PATHS = (
					"$(inherited)",
					/Users/eProximiti10/Documents/aarons_stuff/CouplesCoupons,
					/Users/eProximiti10/Documents/aarons_stuff/CouplesCoupons/Versions/1.2.19,
					/Users/eProximiti10/Documents/aarons_stuff/CouplesCoupons/Versions/Current,
				);
				PRODUCT_NAME = "$(TARGET_NAME)";
				WRAPPER_EXTENSION = app;
			};
			name = Debug;
		};
		F7B5C72A192AF1D700C3286C /* Release */ = {
			isa = XCBuildConfiguration;
			buildSettings = {
				ASSETCATALOG_COMPILER_APPICON_NAME = AppIcon;
				ASSETCATALOG_COMPILER_LAUNCHIMAGE_NAME = LaunchImage;
				FRAMEWORK_SEARCH_PATHS = (
					"$(inherited)",
					/Users/eProximiti10/Documents/aarons_stuff/CouplesCoupons,
				);
				GCC_PRECOMPILE_PREFIX_HEADER = YES;
				GCC_PREFIX_HEADER = "CouplesCoupons/CouplesCoupons-Prefix.pch";
				INFOPLIST_FILE = "CouplesCoupons/CouplesCoupons-Info.plist";
				LIBRARY_SEARCH_PATHS = (
					"$(inherited)",
					/Users/eProximiti10/Documents/aarons_stuff/CouplesCoupons,
					/Users/eProximiti10/Documents/aarons_stuff/CouplesCoupons/Versions/1.2.19,
					/Users/eProximiti10/Documents/aarons_stuff/CouplesCoupons/Versions/Current,
				);
				PRODUCT_NAME = "$(TARGET_NAME)";
				WRAPPER_EXTENSION = app;
			};
			name = Release;
		};
		F7B5C72C192AF1D700C3286C /* Debug */ = {
			isa = XCBuildConfiguration;
			buildSettings = {
				ARCHS = "$(ARCHS_STANDARD_INCLUDING_64_BIT)";
				BUNDLE_LOADER = "$(BUILT_PRODUCTS_DIR)/CouplesCoupons.app/CouplesCoupons";
				FRAMEWORK_SEARCH_PATHS = (
					"$(SDKROOT)/Developer/Library/Frameworks",
					"$(inherited)",
					"$(DEVELOPER_FRAMEWORKS_DIR)",
				);
				GCC_PRECOMPILE_PREFIX_HEADER = YES;
				GCC_PREFIX_HEADER = "CouplesCoupons/CouplesCoupons-Prefix.pch";
				GCC_PREPROCESSOR_DEFINITIONS = (
					"DEBUG=1",
					"$(inherited)",
				);
				INFOPLIST_FILE = "CouplesCouponsTests/CouplesCouponsTests-Info.plist";
				PRODUCT_NAME = "$(TARGET_NAME)";
				TEST_HOST = "$(BUNDLE_LOADER)";
				WRAPPER_EXTENSION = xctest;
			};
			name = Debug;
		};
		F7B5C72D192AF1D700C3286C /* Release */ = {
			isa = XCBuildConfiguration;
			buildSettings = {
				ARCHS = "$(ARCHS_STANDARD_INCLUDING_64_BIT)";
				BUNDLE_LOADER = "$(BUILT_PRODUCTS_DIR)/CouplesCoupons.app/CouplesCoupons";
				FRAMEWORK_SEARCH_PATHS = (
					"$(SDKROOT)/Developer/Library/Frameworks",
					"$(inherited)",
					"$(DEVELOPER_FRAMEWORKS_DIR)",
				);
				GCC_PRECOMPILE_PREFIX_HEADER = YES;
				GCC_PREFIX_HEADER = "CouplesCoupons/CouplesCoupons-Prefix.pch";
				INFOPLIST_FILE = "CouplesCouponsTests/CouplesCouponsTests-Info.plist";
				PRODUCT_NAME = "$(TARGET_NAME)";
				TEST_HOST = "$(BUNDLE_LOADER)";
				WRAPPER_EXTENSION = xctest;
			};
			name = Release;
		};
/* End XCBuildConfiguration section */

/* Begin XCConfigurationList section */
		F7B5C6F7192AF1D700C3286C /* Build configuration list for PBXProject "CouplesCoupons" */ = {
			isa = XCConfigurationList;
			buildConfigurations = (
				F7B5C726192AF1D700C3286C /* Debug */,
				F7B5C727192AF1D700C3286C /* Release */,
			);
			defaultConfigurationIsVisible = 0;
			defaultConfigurationName = Release;
		};
		F7B5C728192AF1D700C3286C /* Build configuration list for PBXNativeTarget "CouplesCoupons" */ = {
			isa = XCConfigurationList;
			buildConfigurations = (
				F7B5C729192AF1D700C3286C /* Debug */,
				F7B5C72A192AF1D700C3286C /* Release */,
			);
			defaultConfigurationIsVisible = 0;
			defaultConfigurationName = Release;
		};
		F7B5C72B192AF1D700C3286C /* Build configuration list for PBXNativeTarget "CouplesCouponsTests" */ = {
			isa = XCConfigurationList;
			buildConfigurations = (
				F7B5C72C192AF1D700C3286C /* Debug */,
				F7B5C72D192AF1D700C3286C /* Release */,
			);
			defaultConfigurationIsVisible = 0;
			defaultConfigurationName = Release;
		};
/* End XCConfigurationList section */
	};
	rootObject = F7B5C6F4192AF1D700C3286C /* Project object */;
}
